// !$*UTF8*$!
{
	archiveVersion = 1;
	classes = {
	};
	objectVersion = 46;
	objects = {

/* Begin PBXBuildFile section */
		815072241BC49BD50080ECEC /* AppDelegate.swift in Sources */ = {isa = PBXBuildFile; fileRef = 815072231BC49BD50080ECEC /* AppDelegate.swift */; };
		815072261BC49BD50080ECEC /* ViewController.swift in Sources */ = {isa = PBXBuildFile; fileRef = 815072251BC49BD50080ECEC /* ViewController.swift */; };
		815072291BC49BD50080ECEC /* Main.storyboard in Resources */ = {isa = PBXBuildFile; fileRef = 815072271BC49BD50080ECEC /* Main.storyboard */; };
		8150722B1BC49BD50080ECEC /* Assets.xcassets in Resources */ = {isa = PBXBuildFile; fileRef = 8150722A1BC49BD50080ECEC /* Assets.xcassets */; };
		8150722E1BC49BD50080ECEC /* LaunchScreen.storyboard in Resources */ = {isa = PBXBuildFile; fileRef = 8150722C1BC49BD50080ECEC /* LaunchScreen.storyboard */; };
		815072391BC49BD50080ECEC /* ExerciseAutoLayoutTests.swift in Sources */ = {isa = PBXBuildFile; fileRef = 815072381BC49BD50080ECEC /* ExerciseAutoLayoutTests.swift */; };
		815072441BC49BD50080ECEC /* ExerciseAutoLayoutUITests.swift in Sources */ = {isa = PBXBuildFile; fileRef = 815072431BC49BD50080ECEC /* ExerciseAutoLayoutUITests.swift */; };
/* End PBXBuildFile section */

/* Begin PBXContainerItemProxy section */
		815072351BC49BD50080ECEC /* PBXContainerItemProxy */ = {
			isa = PBXContainerItemProxy;
			containerPortal = 815072181BC49BD50080ECEC /* Project object */;
			proxyType = 1;
			remoteGlobalIDString = 8150721F1BC49BD50080ECEC;
			remoteInfo = ExerciseAutoLayout;
		};
		815072401BC49BD50080ECEC /* PBXContainerItemProxy */ = {
			isa = PBXContainerItemProxy;
			containerPortal = 815072181BC49BD50080ECEC /* Project object */;
			proxyType = 1;
			remoteGlobalIDString = 8150721F1BC49BD50080ECEC;
			remoteInfo = ExerciseAutoLayout;
		};
/* End PBXContainerItemProxy section */

/* Begin PBXFileReference section */
		815072201BC49BD50080ECEC /* ExerciseAutoLayout.app */ = {isa = PBXFileReference; explicitFileType = wrapper.application; includeInIndex = 0; path = ExerciseAutoLayout.app; sourceTree = BUILT_PRODUCTS_DIR; };
		815072231BC49BD50080ECEC /* AppDelegate.swift */ = {isa = PBXFileReference; lastKnownFileType = sourcecode.swift; path = AppDelegate.swift; sourceTree = "<group>"; };
		815072251BC49BD50080ECEC /* ViewController.swift */ = {isa = PBXFileReference; lastKnownFileType = sourcecode.swift; path = ViewController.swift; sourceTree = "<group>"; };
		815072281BC49BD50080ECEC /* Base */ = {isa = PBXFileReference; lastKnownFileType = file.storyboard; name = Base; path = Base.lproj/Main.storyboard; sourceTree = "<group>"; };
		8150722A1BC49BD50080ECEC /* Assets.xcassets */ = {isa = PBXFileReference; lastKnownFileType = folder.assetcatalog; path = Assets.xcassets; sourceTree = "<group>"; };
		8150722D1BC49BD50080ECEC /* Base */ = {isa = PBXFileReference; lastKnownFileType = file.storyboard; name = Base; path = Base.lproj/LaunchScreen.storyboard; sourceTree = "<group>"; };
		8150722F1BC49BD50080ECEC /* Info.plist */ = {isa = PBXFileReference; lastKnownFileType = text.plist.xml; path = Info.plist; sourceTree = "<group>"; };
		815072341BC49BD50080ECEC /* ExerciseAutoLayoutTests.xctest */ = {isa = PBXFileReference; explicitFileType = wrapper.cfbundle; includeInIndex = 0; path = ExerciseAutoLayoutTests.xctest; sourceTree = BUILT_PRODUCTS_DIR; };
		815072381BC49BD50080ECEC /* ExerciseAutoLayoutTests.swift */ = {isa = PBXFileReference; lastKnownFileType = sourcecode.swift; path = ExerciseAutoLayoutTests.swift; sourceTree = "<group>"; };
		8150723A1BC49BD50080ECEC /* Info.plist */ = {isa = PBXFileReference; lastKnownFileType = text.plist.xml; path = Info.plist; sourceTree = "<group>"; };
		8150723F1BC49BD50080ECEC /* ExerciseAutoLayoutUITests.xctest */ = {isa = PBXFileReference; explicitFileType = wrapper.cfbundle; includeInIndex = 0; path = ExerciseAutoLayoutUITests.xctest; sourceTree = BUILT_PRODUCTS_DIR; };
		815072431BC49BD50080ECEC /* ExerciseAutoLayoutUITests.swift */ = {isa = PBXFileReference; lastKnownFileType = sourcecode.swift; path = ExerciseAutoLayoutUITests.swift; sourceTree = "<group>"; };
		815072451BC49BD50080ECEC /* Info.plist */ = {isa = PBXFileReference; lastKnownFileType = text.plist.xml; path = Info.plist; sourceTree = "<group>"; };
/* End PBXFileReference section */

/* Begin PBXFrameworksBuildPhase section */
		8150721D1BC49BD50080ECEC /* Frameworks */ = {
			isa = PBXFrameworksBuildPhase;
			buildActionMask = 2147483647;
			files = (
			);
			runOnlyForDeploymentPostprocessing = 0;
		};
		815072311BC49BD50080ECEC /* Frameworks */ = {
			isa = PBXFrameworksBuildPhase;
			buildActionMask = 2147483647;
			files = (
			);
			runOnlyForDeploymentPostprocessing = 0;
		};
		8150723C1BC49BD50080ECEC /* Frameworks */ = {
			isa = PBXFrameworksBuildPhase;
			buildActionMask = 2147483647;
			files = (
			);
			runOnlyForDeploymentPostprocessing = 0;
		};
/* End PBXFrameworksBuildPhase section */

/* Begin PBXGroup section */
		815072171BC49BD50080ECEC = {
			isa = PBXGroup;
			children = (
				815072221BC49BD50080ECEC /* ExerciseAutoLayout */,
				815072371BC49BD50080ECEC /* ExerciseAutoLayoutTests */,
				815072421BC49BD50080ECEC /* ExerciseAutoLayoutUITests */,
				815072211BC49BD50080ECEC /* Products */,
			);
			sourceTree = "<group>";
		};
		815072211BC49BD50080ECEC /* Products */ = {
			isa = PBXGroup;
			children = (
				815072201BC49BD50080ECEC /* ExerciseAutoLayout.app */,
				815072341BC49BD50080ECEC /* ExerciseAutoLayoutTests.xctest */,
				8150723F1BC49BD50080ECEC /* ExerciseAutoLayoutUITests.xctest */,
			);
			name = Products;
			sourceTree = "<group>";
		};
		815072221BC49BD50080ECEC /* ExerciseAutoLayout */ = {
			isa = PBXGroup;
			children = (
				815072231BC49BD50080ECEC /* AppDelegate.swift */,
				815072251BC49BD50080ECEC /* ViewController.swift */,
				815072271BC49BD50080ECEC /* Main.storyboard */,
				8150722A1BC49BD50080ECEC /* Assets.xcassets */,
				8150722C1BC49BD50080ECEC /* LaunchScreen.storyboard */,
				8150722F1BC49BD50080ECEC /* Info.plist */,
			);
			path = ExerciseAutoLayout;
			sourceTree = "<group>";
		};
		815072371BC49BD50080ECEC /* ExerciseAutoLayoutTests */ = {
			isa = PBXGroup;
			children = (
				815072381BC49BD50080ECEC /* ExerciseAutoLayoutTests.swift */,
				8150723A1BC49BD50080ECEC /* Info.plist */,
			);
			path = ExerciseAutoLayoutTests;
			sourceTree = "<group>";
		};
		815072421BC49BD50080ECEC /* ExerciseAutoLayoutUITests */ = {
			isa = PBXGroup;
			children = (
				815072431BC49BD50080ECEC /* ExerciseAutoLayoutUITests.swift */,
				815072451BC49BD50080ECEC /* Info.plist */,
			);
			path = ExerciseAutoLayoutUITests;
			sourceTree = "<group>";
		};
/* End PBXGroup section */

/* Begin PBXNativeTarget section */
		8150721F1BC49BD50080ECEC /* ExerciseAutoLayout */ = {
			isa = PBXNativeTarget;
			buildConfigurationList = 815072481BC49BD50080ECEC /* Build configuration list for PBXNativeTarget "ExerciseAutoLayout" */;
			buildPhases = (
				8150721C1BC49BD50080ECEC /* Sources */,
				8150721D1BC49BD50080ECEC /* Frameworks */,
				8150721E1BC49BD50080ECEC /* Resources */,
			);
			buildRules = (
			);
			dependencies = (
			);
			name = ExerciseAutoLayout;
			productName = ExerciseAutoLayout;
			productReference = 815072201BC49BD50080ECEC /* ExerciseAutoLayout.app */;
			productType = "com.apple.product-type.application";
		};
		815072331BC49BD50080ECEC /* ExerciseAutoLayoutTests */ = {
			isa = PBXNativeTarget;
			buildConfigurationList = 8150724B1BC49BD50080ECEC /* Build configuration list for PBXNativeTarget "ExerciseAutoLayoutTests" */;
			buildPhases = (
				815072301BC49BD50080ECEC /* Sources */,
				815072311BC49BD50080ECEC /* Frameworks */,
				815072321BC49BD50080ECEC /* Resources */,
			);
			buildRules = (
			);
			dependencies = (
				815072361BC49BD50080ECEC /* PBXTargetDependency */,
			);
			name = ExerciseAutoLayoutTests;
			productName = ExerciseAutoLayoutTests;
			productReference = 815072341BC49BD50080ECEC /* ExerciseAutoLayoutTests.xctest */;
			productType = "com.apple.product-type.bundle.unit-test";
		};
		8150723E1BC49BD50080ECEC /* ExerciseAutoLayoutUITests */ = {
			isa = PBXNativeTarget;
			buildConfigurationList = 8150724E1BC49BD50080ECEC /* Build configuration list for PBXNativeTarget "ExerciseAutoLayoutUITests" */;
			buildPhases = (
				8150723B1BC49BD50080ECEC /* Sources */,
				8150723C1BC49BD50080ECEC /* Frameworks */,
				8150723D1BC49BD50080ECEC /* Resources */,
			);
			buildRules = (
			);
			dependencies = (
				815072411BC49BD50080ECEC /* PBXTargetDependency */,
			);
			name = ExerciseAutoLayoutUITests;
			productName = ExerciseAutoLayoutUITests;
			productReference = 8150723F1BC49BD50080ECEC /* ExerciseAutoLayoutUITests.xctest */;
			productType = "com.apple.product-type.bundle.ui-testing";
		};
/* End PBXNativeTarget section */

/* Begin PBXProject section */
		815072181BC49BD50080ECEC /* Project object */ = {
			isa = PBXProject;
			attributes = {
				LastUpgradeCheck = 0700;
				ORGANIZATIONNAME = mingdyn;
				TargetAttributes = {
					8150721F1BC49BD50080ECEC = {
						CreatedOnToolsVersion = 7.0.1;
					};
					815072331BC49BD50080ECEC = {
						CreatedOnToolsVersion = 7.0.1;
						TestTargetID = 8150721F1BC49BD50080ECEC;
					};
					8150723E1BC49BD50080ECEC = {
						CreatedOnToolsVersion = 7.0.1;
						TestTargetID = 8150721F1BC49BD50080ECEC;
					};
				};
			};
			buildConfigurationList = 8150721B1BC49BD50080ECEC /* Build configuration list for PBXProject "ExerciseAutoLayout" */;
			compatibilityVersion = "Xcode 3.2";
			developmentRegion = English;
			hasScannedForEncodings = 0;
			knownRegions = (
				en,
				Base,
			);
			mainGroup = 815072171BC49BD50080ECEC;
			productRefGroup = 815072211BC49BD50080ECEC /* Products */;
			projectDirPath = "";
			projectRoot = "";
			targets = (
				8150721F1BC49BD50080ECEC /* ExerciseAutoLayout */,
				815072331BC49BD50080ECEC /* ExerciseAutoLayoutTests */,
				8150723E1BC49BD50080ECEC /* ExerciseAutoLayoutUITests */,
			);
		};
/* End PBXProject section */

/* Begin PBXResourcesBuildPhase section */
		8150721E1BC49BD50080ECEC /* Resources */ = {
			isa = PBXResourcesBuildPhase;
			buildActionMask = 2147483647;
			files = (
				8150722E1BC49BD50080ECEC /* LaunchScreen.storyboard in Resources */,
				8150722B1BC49BD50080ECEC /* Assets.xcassets in Resources */,
				815072291BC49BD50080ECEC /* Main.storyboard in Resources */,
			);
			runOnlyForDeploymentPostprocessing = 0;
		};
		815072321BC49BD50080ECEC /* Resources */ = {
			isa = PBXResourcesBuildPhase;
			buildActionMask = 2147483647;
			files = (
			);
			runOnlyForDeploymentPostprocessing = 0;
		};
		8150723D1BC49BD50080ECEC /* Resources */ = {
			isa = PBXResourcesBuildPhase;
			buildActionMask = 2147483647;
			files = (
			);
			runOnlyForDeploymentPostprocessing = 0;
		};
/* End PBXResourcesBuildPhase section */

/* Begin PBXSourcesBuildPhase section */
		8150721C1BC49BD50080ECEC /* Sources */ = {
			isa = PBXSourcesBuildPhase;
			buildActionMask = 2147483647;
			files = (
				815072261BC49BD50080ECEC /* ViewController.swift in Sources */,
				815072241BC49BD50080ECEC /* AppDelegate.swift in Sources */,
			);
			runOnlyForDeploymentPostprocessing = 0;
		};
		815072301BC49BD50080ECEC /* Sources */ = {
			isa = PBXSourcesBuildPhase;
			buildActionMask = 2147483647;
			files = (
				815072391BC49BD50080ECEC /* ExerciseAutoLayoutTests.swift in Sources */,
			);
			runOnlyForDeploymentPostprocessing = 0;
		};
		8150723B1BC49BD50080ECEC /* Sources */ = {
			isa = PBXSourcesBuildPhase;
			buildActionMask = 2147483647;
			files = (
				815072441BC49BD50080ECEC /* ExerciseAutoLayoutUITests.swift in Sources */,
			);
			runOnlyForDeploymentPostprocessing = 0;
		};
/* End PBXSourcesBuildPhase section */

/* Begin PBXTargetDependency section */
		815072361BC49BD50080ECEC /* PBXTargetDependency */ = {
			isa = PBXTargetDependency;
			target = 8150721F1BC49BD50080ECEC /* ExerciseAutoLayout */;
			targetProxy = 815072351BC49BD50080ECEC /* PBXContainerItemProxy */;
		};
		815072411BC49BD50080ECEC /* PBXTargetDependency */ = {
			isa = PBXTargetDependency;
			target = 8150721F1BC49BD50080ECEC /* ExerciseAutoLayout */;
			targetProxy = 815072401BC49BD50080ECEC /* PBXContainerItemProxy */;
		};
/* End PBXTargetDependency section */

/* Begin PBXVariantGroup section */
		815072271BC49BD50080ECEC /* Main.storyboard */ = {
			isa = PBXVariantGroup;
			children = (
				815072281BC49BD50080ECEC /* Base */,
			);
			name = Main.storyboard;
			sourceTree = "<group>";
		};
		8150722C1BC49BD50080ECEC /* LaunchScreen.storyboard */ = {
			isa = PBXVariantGroup;
			children = (
				8150722D1BC49BD50080ECEC /* Base */,
			);
			name = LaunchScreen.storyboard;
			sourceTree = "<group>";
		};
/* End PBXVariantGroup section */

/* Begin XCBuildConfiguration section */
		815072461BC49BD50080ECEC /* Debug */ = {
			isa = XCBuildConfiguration;
			buildSettings = {
				ALWAYS_SEARCH_USER_PATHS = NO;
				CLANG_CXX_LANGUAGE_STANDARD = "gnu++0x";
				CLANG_CXX_LIBRARY = "libc++";
				CLANG_ENABLE_MODULES = YES;
				CLANG_ENABLE_OBJC_ARC = YES;
				CLANG_WARN_BOOL_CONVERSION = YES;
				CLANG_WARN_CONSTANT_CONVERSION = YES;
				CLANG_WARN_DIRECT_OBJC_ISA_USAGE = YES_ERROR;
				CLANG_WARN_EMPTY_BODY = YES;
				CLANG_WARN_ENUM_CONVERSION = YES;
				CLANG_WARN_INT_CONVERSION = YES;
				CLANG_WARN_OBJC_ROOT_CLASS = YES_ERROR;
				CLANG_WARN_UNREACHABLE_CODE = YES;
				CLANG_WARN__DUPLICATE_METHOD_MATCH = YES;
				"CODE_SIGN_IDENTITY[sdk=iphoneos*]" = "iPhone Developer";
				COPY_PHASE_STRIP = NO;
				DEBUG_INFORMATION_FORMAT = dwarf;
				ENABLE_STRICT_OBJC_MSGSEND = YES;
				ENABLE_TESTABILITY = YES;
				GCC_C_LANGUAGE_STANDARD = gnu99;
				GCC_DYNAMIC_NO_PIC = NO;
				GCC_NO_COMMON_BLOCKS = YES;
				GCC_OPTIMIZATION_LEVEL = 0;
				GCC_PREPROCESSOR_DEFINITIONS = (
					"DEBUG=1",
					"$(inherited)",
				);
				GCC_WARN_64_TO_32_BIT_CONVERSION = YES;
				GCC_WARN_ABOUT_RETURN_TYPE = YES_ERROR;
				GCC_WARN_UNDECLARED_SELECTOR = YES;
				GCC_WARN_UNINITIALIZED_AUTOS = YES_AGGRESSIVE;
				GCC_WARN_UNUSED_FUNCTION = YES;
				GCC_WARN_UNUSED_VARIABLE = YES;
				IPHONEOS_DEPLOYMENT_TARGET = 9.0;
				MTL_ENABLE_DEBUG_INFO = YES;
				ONLY_ACTIVE_ARCH = YES;
				SDKROOT = iphoneos;
				SWIFT_OPTIMIZATION_LEVEL = "-Onone";
			};
			name = Debug;
		};
		815072471BC49BD50080ECEC /* Release */ = {
			isa = XCBuildConfiguration;
			buildSettings = {
				ALWAYS_SEARCH_USER_PATHS = NO;
				CLANG_CXX_LANGUAGE_STANDARD = "gnu++0x";
				CLANG_CXX_LIBRARY = "libc++";
				CLANG_ENABLE_MODULES = YES;
				CLANG_ENABLE_OBJC_ARC = YES;
				CLANG_WARN_BOOL_CONVERSION = YES;
				CLANG_WARN_CONSTANT_CONVERSION = YES;
				CLANG_WARN_DIRECT_OBJC_ISA_USAGE = YES_ERROR;
				CLANG_WARN_EMPTY_BODY = YES;
				CLANG_WARN_ENUM_CONVERSION = YES;
				CLANG_WARN_INT_CONVERSION = YES;
				CLANG_WARN_OBJC_ROOT_CLASS = YES_ERROR;
				CLANG_WARN_UNREACHABLE_CODE = YES;
				CLANG_WARN__DUPLICATE_METHOD_MATCH = YES;
				"CODE_SIGN_IDENTITY[sdk=iphoneos*]" = "iPhone Developer";
				COPY_PHASE_STRIP = NO;
				DEBUG_INFORMATION_FORMAT = "dwarf-with-dsym";
				ENABLE_NS_ASSERTIONS = NO;
				ENABLE_STRICT_OBJC_MSGSEND = YES;
				GCC_C_LANGUAGE_STANDARD = gnu99;
				GCC_NO_COMMON_BLOCKS = YES;
				GCC_WARN_64_TO_32_BIT_CONVERSION = YES;
				GCC_WARN_ABOUT_RETURN_TYPE = YES_ERROR;
				GCC_WARN_UNDECLARED_SELECTOR = YES;
				GCC_WARN_UNINITIALIZED_AUTOS = YES_AGGRESSIVE;
				GCC_WARN_UNUSED_FUNCTION = YES;
				GCC_WARN_UNUSED_VARIABLE = YES;
				IPHONEOS_DEPLOYMENT_TARGET = 9.0;
				MTL_ENABLE_DEBUG_INFO = NO;
				SDKROOT = iphoneos;
				VALIDATE_PRODUCT = YES;
			};
			name = Release;
		};
		815072491BC49BD50080ECEC /* Debug */ = {
			isa = XCBuildConfiguration;
			buildSettings = {
				ASSETCATALOG_COMPILER_APPICON_NAME = AppIcon;
				INFOPLIST_FILE = ExerciseAutoLayout/Info.plist;
				LD_RUNPATH_SEARCH_PATHS = "$(inherited) @executable_path/Frameworks";
				PRODUCT_BUNDLE_IDENTIFIER = com.mingdyn.ExerciseAutoLayout;
				PRODUCT_NAME = "$(TARGET_NAME)";
			};
			name = Debug;
		};
		8150724A1BC49BD50080ECEC /* Release */ = {
			isa = XCBuildConfiguration;
			buildSettings = {
				ASSETCATALOG_COMPILER_APPICON_NAME = AppIcon;
				INFOPLIST_FILE = ExerciseAutoLayout/Info.plist;
				LD_RUNPATH_SEARCH_PATHS = "$(inherited) @executable_path/Frameworks";
				PRODUCT_BUNDLE_IDENTIFIER = com.mingdyn.ExerciseAutoLayout;
				PRODUCT_NAME = "$(TARGET_NAME)";
			};
			name = Release;
		};
		8150724C1BC49BD50080ECEC /* Debug */ = {
			isa = XCBuildConfiguration;
			buildSettings = {
				BUNDLE_LOADER = "$(TEST_HOST)";
				INFOPLIST_FILE = ExerciseAutoLayoutTests/Info.plist;
				LD_RUNPATH_SEARCH_PATHS = "$(inherited) @executable_path/Frameworks @loader_path/Frameworks";
				PRODUCT_BUNDLE_IDENTIFIER = com.mingdyn.ExerciseAutoLayoutTests;
				PRODUCT_NAME = "$(TARGET_NAME)";
				TEST_HOST = "$(BUILT_PRODUCTS_DIR)/ExerciseAutoLayout.app/ExerciseAutoLayout";
			};
			name = Debug;
		};
		8150724D1BC49BD50080ECEC /* Release */ = {
			isa = XCBuildConfiguration;
			buildSettings = {
				BUNDLE_LOADER = "$(TEST_HOST)";
				INFOPLIST_FILE = ExerciseAutoLayoutTests/Info.plist;
				LD_RUNPATH_SEARCH_PATHS = "$(inherited) @executable_path/Frameworks @loader_path/Frameworks";
				PRODUCT_BUNDLE_IDENTIFIER = com.mingdyn.ExerciseAutoLayoutTests;
				PRODUCT_NAME = "$(TARGET_NAME)";
				TEST_HOST = "$(BUILT_PRODUCTS_DIR)/ExerciseAutoLayout.app/ExerciseAutoLayout";
			};
			name = Release;
		};
		8150724F1BC49BD50080ECEC /* Debug */ = {
			isa = XCBuildConfiguration;
			buildSettings = {
				INFOPLIST_FILE = ExerciseAutoLayoutUITests/Info.plist;
				LD_RUNPATH_SEARCH_PATHS = "$(inherited) @executable_path/Frameworks @loader_path/Frameworks";
				PRODUCT_BUNDLE_IDENTIFIER = com.mingdyn.ExerciseAutoLayoutUITests;
				PRODUCT_NAME = "$(TARGET_NAME)";
				TEST_TARGET_NAME = ExerciseAutoLayout;
				USES_XCTRUNNER = YES;
			};
			name = Debug;
		};
		815072501BC49BD50080ECEC /* Release */ = {
			isa = XCBuildConfiguration;
			buildSettings = {
				INFOPLIST_FILE = ExerciseAutoLayoutUITests/Info.plist;
				LD_RUNPATH_SEARCH_PATHS = "$(inherited) @executable_path/Frameworks @loader_path/Frameworks";
				PRODUCT_BUNDLE_IDENTIFIER = com.mingdyn.ExerciseAutoLayoutUITests;
				PRODUCT_NAME = "$(TARGET_NAME)";
				TEST_TARGET_NAME = ExerciseAutoLayout;
				USES_XCTRUNNER = YES;
			};
			name = Release;
		};
/* End XCBuildConfiguration section */

/* Begin XCConfigurationList section */
		8150721B1BC49BD50080ECEC /* Build configuration list for PBXProject "ExerciseAutoLayout" */ = {
			isa = XCConfigurationList;
			buildConfigurations = (
				815072461BC49BD50080ECEC /* Debug */,
				815072471BC49BD50080ECEC /* Release */,
			);
			defaultConfigurationIsVisible = 0;
			defaultConfigurationName = Release;
		};
		815072481BC49BD50080ECEC /* Build configuration list for PBXNativeTarget "ExerciseAutoLayout" */ = {
			isa = XCConfigurationList;
			buildConfigurations = (
				815072491BC49BD50080ECEC /* Debug */,
				8150724A1BC49BD50080ECEC /* Release */,
			);
			defaultConfigurationIsVisible = 0;
		};
		8150724B1BC49BD50080ECEC /* Build configuration list for PBXNativeTarget "ExerciseAutoLayoutTests" */ = {
			isa = XCConfigurationList;
			buildConfigurations = (
				8150724C1BC49BD50080ECEC /* Debug */,
				8150724D1BC49BD50080ECEC /* Release */,
			);
			defaultConfigurationIsVisible = 0;
		};
		8150724E1BC49BD50080ECEC /* Build configuration list for PBXNativeTarget "ExerciseAutoLayoutUITests" */ = {
			isa = XCConfigurationList;
			buildConfigurations = (
				8150724F1BC49BD50080ECEC /* Debug */,
				815072501BC49BD50080ECEC /* Release */,
			);
			defaultConfigurationIsVisible = 0;
		};
/* End XCConfigurationList section */
	};
	rootObject = 815072181BC49BD50080ECEC /* Project object */;
}
